
Microsoft Visual Studio Solution File, Format Version 12.00
# Visual Studio 2013
VisualStudioVersion = 12.0.31101.0
MinimumVisualStudioVersion = 10.0.40219.1
Project("{FAE04EC0-301F-11D3-BF4B-00C04F79EFBC}") = "WritingTutor.Web", "WritingTutor.Web\WritingTutor.Web.csproj", "{CB146A27-65EC-443A-ACB1-43AE1BDE2990}"
EndProject
Project("{FAE04EC0-301F-11D3-BF4B-00C04F79EFBC}") = "WritingTutor.Web.Tests", "WritingTutor.Tests\WritingTutor.Web.Tests.csproj", "{F6B3B04C-BD5E-4180-82B7-AA6C5EC1A270}"
EndProject
Global
	GlobalSection(SolutionConfigurationPlatforms) = preSolution
		Debug|Any CPU = Debug|Any CPU
		Release|Any CPU = Release|Any CPU
	EndGlobalSection
	GlobalSection(ProjectConfigurationPlatforms) = postSolution
		{CB146A27-65EC-443A-ACB1-43AE1BDE2990}.Debug|Any CPU.ActiveCfg = Debug|Any CPU
		{CB146A27-65EC-443A-ACB1-43AE1BDE2990}.Debug|Any CPU.Build.0 = Debug|Any CPU
		{CB146A27-65EC-443A-ACB1-43AE1BDE2990}.Release|Any CPU.ActiveCfg = Release|Any CPU
		{CB146A27-65EC-443A-ACB1-43AE1BDE2990}.Release|Any CPU.Build.0 = Release|Any CPU
		{F6B3B04C-BD5E-4180-82B7-AA6C5EC1A270}.Debug|Any CPU.ActiveCfg = Debug|Any CPU
		{F6B3B04C-BD5E-4180-82B7-AA6C5EC1A270}.Debug|Any CPU.Build.0 = Debug|Any CPU
		{F6B3B04C-BD5E-4180-82B7-AA6C5EC1A270}.Release|Any CPU.ActiveCfg = Release|Any CPU
		{F6B3B04C-BD5E-4180-82B7-AA6C5EC1A270}.Release|Any CPU.Build.0 = Release|Any CPU
	EndGlobalSection
	GlobalSection(SolutionProperties) = preSolution
		HideSolutionNode = FALSE
	EndGlobalSection
EndGlobal
